// !$*UTF8*$!
{
	archiveVersion = 1;
	classes = {
	};
	objectVersion = 56;
	objects = {

/* Begin PBXBuildFile section */
		8528C72A299676D20068C648 /* Constants.swift in Sources */ = {isa = PBXBuildFile; fileRef = 8528C729299676D20068C648 /* Constants.swift */; };
		8528C72C299678CD0068C648 /* WeatherManager.swift in Sources */ = {isa = PBXBuildFile; fileRef = 8528C72B299678CD0068C648 /* WeatherManager.swift */; };
		8528C72E29967AE50068C648 /* WeatherModel.swift in Sources */ = {isa = PBXBuildFile; fileRef = 8528C72D29967AE50068C648 /* WeatherModel.swift */; };
		8528C730299781600068C648 /* WeatherParameters.swift in Sources */ = {isa = PBXBuildFile; fileRef = 8528C72F299781600068C648 /* WeatherParameters.swift */; };
		852CDC7E299BB0C100FD1E0C /* WeatherTableViewCell.swift in Sources */ = {isa = PBXBuildFile; fileRef = 852CDC7C299BB0C100FD1E0C /* WeatherTableViewCell.swift */; };
		852CDC7F299BB0C100FD1E0C /* WeatherTableViewCell.xib in Resources */ = {isa = PBXBuildFile; fileRef = 852CDC7D299BB0C100FD1E0C /* WeatherTableViewCell.xib */; };
		8565A52B299D18A30026E653 /* CityCustomCell.swift in Sources */ = {isa = PBXBuildFile; fileRef = 8565A529299D18A30026E653 /* CityCustomCell.swift */; };
		8565A52C299D18A30026E653 /* CityCustomCell.xib in Resources */ = {isa = PBXBuildFile; fileRef = 8565A52A299D18A30026E653 /* CityCustomCell.xib */; };
		856BB7F529911BAB004119DB /* AppDelegate.swift in Sources */ = {isa = PBXBuildFile; fileRef = 856BB7F429911BAB004119DB /* AppDelegate.swift */; };
		856BB7F729911BAB004119DB /* SceneDelegate.swift in Sources */ = {isa = PBXBuildFile; fileRef = 856BB7F629911BAB004119DB /* SceneDelegate.swift */; };
		856BB7FC29911BAB004119DB /* Main.storyboard in Resources */ = {isa = PBXBuildFile; fileRef = 856BB7FA29911BAB004119DB /* Main.storyboard */; };
		856BB7FE29911BAC004119DB /* Assets.xcassets in Resources */ = {isa = PBXBuildFile; fileRef = 856BB7FD29911BAC004119DB /* Assets.xcassets */; };
		856BB80129911BAC004119DB /* LaunchScreen.storyboard in Resources */ = {isa = PBXBuildFile; fileRef = 856BB7FF29911BAC004119DB /* LaunchScreen.storyboard */; };
		857EF40629E58D8100E536CC /* Extensions.swift in Sources */ = {isa = PBXBuildFile; fileRef = 857EF40529E58D8100E536CC /* Extensions.swift */; };
		857EF40929E59FCB00E536CC /* Location.swift in Sources */ = {isa = PBXBuildFile; fileRef = 857EF40829E59FCB00E536CC /* Location.swift */; };
		857EF40B29E5A02A00E536CC /* WeatherDayModel.swift in Sources */ = {isa = PBXBuildFile; fileRef = 857EF40A29E5A02A00E536CC /* WeatherDayModel.swift */; };
		857EF40D29E5A05A00E536CC /* CoreDataArray.swift in Sources */ = {isa = PBXBuildFile; fileRef = 857EF40C29E5A05A00E536CC /* CoreDataArray.swift */; };
		85C5287629965952009C7FCF /* CityData.xcdatamodeld in Sources */ = {isa = PBXBuildFile; fileRef = 85C5287429965952009C7FCF /* CityData.xcdatamodeld */; };
		85C5288129965D7B009C7FCF /* LoadingViewController.swift in Sources */ = {isa = PBXBuildFile; fileRef = 85C5288029965D7B009C7FCF /* LoadingViewController.swift */; };
		85C5288329965D87009C7FCF /* ErrorViewController.swift in Sources */ = {isa = PBXBuildFile; fileRef = 85C5288229965D87009C7FCF /* ErrorViewController.swift */; };
		85C5288529965D92009C7FCF /* CityWeatherViewController.swift in Sources */ = {isa = PBXBuildFile; fileRef = 85C5288429965D92009C7FCF /* CityWeatherViewController.swift */; };
		85C5288729965E64009C7FCF /* Tracker.swift in Sources */ = {isa = PBXBuildFile; fileRef = 85C5288629965E64009C7FCF /* Tracker.swift */; };
		85C5288B2996665B009C7FCF /* SearchViewController.swift in Sources */ = {isa = PBXBuildFile; fileRef = 85C5288A2996665B009C7FCF /* SearchViewController.swift */; };
		85DCE8C8299B83BF0099359F /* WeatherManagerForcast.swift in Sources */ = {isa = PBXBuildFile; fileRef = 85DCE8C7299B83BF0099359F /* WeatherManagerForcast.swift */; };
		FEBCDF5C42DC7A6B9AC35C26 /* Pods_iWeather.framework in Frameworks */ = {isa = PBXBuildFile; fileRef = 9A022B617F9386744A5FA076 /* Pods_iWeather.framework */; };
/* End PBXBuildFile section */

/* Begin PBXFileReference section */
		2D33A10C8F4D79D7FE5507C0 /* Pods-iWeather.debug.xcconfig */ = {isa = PBXFileReference; includeInIndex = 1; lastKnownFileType = text.xcconfig; name = "Pods-iWeather.debug.xcconfig"; path = "Target Support Files/Pods-iWeather/Pods-iWeather.debug.xcconfig"; sourceTree = "<group>"; };
		8528C729299676D20068C648 /* Constants.swift */ = {isa = PBXFileReference; lastKnownFileType = sourcecode.swift; path = Constants.swift; sourceTree = "<group>"; };
		8528C72B299678CD0068C648 /* WeatherManager.swift */ = {isa = PBXFileReference; lastKnownFileType = sourcecode.swift; path = WeatherManager.swift; sourceTree = "<group>"; };
		8528C72D29967AE50068C648 /* WeatherModel.swift */ = {isa = PBXFileReference; lastKnownFileType = sourcecode.swift; path = WeatherModel.swift; sourceTree = "<group>"; };
		8528C72F299781600068C648 /* WeatherParameters.swift */ = {isa = PBXFileReference; lastKnownFileType = sourcecode.swift; path = WeatherParameters.swift; sourceTree = "<group>"; };
		852CDC7C299BB0C100FD1E0C /* WeatherTableViewCell.swift */ = {isa = PBXFileReference; lastKnownFileType = sourcecode.swift; path = WeatherTableViewCell.swift; sourceTree = "<group>"; };
		852CDC7D299BB0C100FD1E0C /* WeatherTableViewCell.xib */ = {isa = PBXFileReference; lastKnownFileType = file.xib; name = WeatherTableViewCell.xib; path = ../WeatherTableViewCell.xib; sourceTree = "<group>"; };
		8565A529299D18A30026E653 /* CityCustomCell.swift */ = {isa = PBXFileReference; lastKnownFileType = sourcecode.swift; path = CityCustomCell.swift; sourceTree = "<group>"; };
		8565A52A299D18A30026E653 /* CityCustomCell.xib */ = {isa = PBXFileReference; lastKnownFileType = file.xib; path = CityCustomCell.xib; sourceTree = "<group>"; };
		856BB7F129911BAB004119DB /* iWeather.app */ = {isa = PBXFileReference; explicitFileType = wrapper.application; includeInIndex = 0; path = iWeather.app; sourceTree = BUILT_PRODUCTS_DIR; };
		856BB7F429911BAB004119DB /* AppDelegate.swift */ = {isa = PBXFileReference; lastKnownFileType = sourcecode.swift; path = AppDelegate.swift; sourceTree = "<group>"; };
		856BB7F629911BAB004119DB /* SceneDelegate.swift */ = {isa = PBXFileReference; lastKnownFileType = sourcecode.swift; path = SceneDelegate.swift; sourceTree = "<group>"; };
		856BB7FB29911BAB004119DB /* Base */ = {isa = PBXFileReference; lastKnownFileType = file.storyboard; name = Base; path = Base.lproj/Main.storyboard; sourceTree = "<group>"; };
		856BB7FD29911BAC004119DB /* Assets.xcassets */ = {isa = PBXFileReference; lastKnownFileType = folder.assetcatalog; path = Assets.xcassets; sourceTree = "<group>"; };
		856BB80029911BAC004119DB /* Base */ = {isa = PBXFileReference; lastKnownFileType = file.storyboard; name = Base; path = Base.lproj/LaunchScreen.storyboard; sourceTree = "<group>"; };
		856BB80229911BAC004119DB /* Info.plist */ = {isa = PBXFileReference; lastKnownFileType = text.plist.xml; path = Info.plist; sourceTree = "<group>"; };
		857EF40529E58D8100E536CC /* Extensions.swift */ = {isa = PBXFileReference; lastKnownFileType = sourcecode.swift; path = Extensions.swift; sourceTree = "<group>"; };
		857EF40829E59FCB00E536CC /* Location.swift */ = {isa = PBXFileReference; lastKnownFileType = sourcecode.swift; path = Location.swift; sourceTree = "<group>"; };
		857EF40A29E5A02A00E536CC /* WeatherDayModel.swift */ = {isa = PBXFileReference; lastKnownFileType = sourcecode.swift; path = WeatherDayModel.swift; sourceTree = "<group>"; };
		857EF40C29E5A05A00E536CC /* CoreDataArray.swift */ = {isa = PBXFileReference; lastKnownFileType = sourcecode.swift; path = CoreDataArray.swift; sourceTree = "<group>"; };
		85C5287529965952009C7FCF /* CityData.xcdatamodel */ = {isa = PBXFileReference; lastKnownFileType = wrapper.xcdatamodel; path = CityData.xcdatamodel; sourceTree = "<group>"; };
		85C5288029965D7B009C7FCF /* LoadingViewController.swift */ = {isa = PBXFileReference; lastKnownFileType = sourcecode.swift; path = LoadingViewController.swift; sourceTree = "<group>"; };
		85C5288229965D87009C7FCF /* ErrorViewController.swift */ = {isa = PBXFileReference; lastKnownFileType = sourcecode.swift; path = ErrorViewController.swift; sourceTree = "<group>"; };
		85C5288429965D92009C7FCF /* CityWeatherViewController.swift */ = {isa = PBXFileReference; lastKnownFileType = sourcecode.swift; path = CityWeatherViewController.swift; sourceTree = "<group>"; };
		85C5288629965E64009C7FCF /* Tracker.swift */ = {isa = PBXFileReference; lastKnownFileType = sourcecode.swift; path = Tracker.swift; sourceTree = "<group>"; };
		85C5288A2996665B009C7FCF /* SearchViewController.swift */ = {isa = PBXFileReference; lastKnownFileType = sourcecode.swift; path = SearchViewController.swift; sourceTree = "<group>"; };
		85DCE8C7299B83BF0099359F /* WeatherManagerForcast.swift */ = {isa = PBXFileReference; lastKnownFileType = sourcecode.swift; path = WeatherManagerForcast.swift; sourceTree = "<group>"; };
		9A022B617F9386744A5FA076 /* Pods_iWeather.framework */ = {isa = PBXFileReference; explicitFileType = wrapper.framework; includeInIndex = 0; path = Pods_iWeather.framework; sourceTree = BUILT_PRODUCTS_DIR; };
		AA8F883A08EE4365AA6B7EFF /* Pods-iWeather.release.xcconfig */ = {isa = PBXFileReference; includeInIndex = 1; lastKnownFileType = text.xcconfig; name = "Pods-iWeather.release.xcconfig"; path = "Target Support Files/Pods-iWeather/Pods-iWeather.release.xcconfig"; sourceTree = "<group>"; };
/* End PBXFileReference section */

/* Begin PBXFrameworksBuildPhase section */
		856BB7EE29911BAB004119DB /* Frameworks */ = {
			isa = PBXFrameworksBuildPhase;
			buildActionMask = 2147483647;
			files = (
				FEBCDF5C42DC7A6B9AC35C26 /* Pods_iWeather.framework in Frameworks */,
			);
			runOnlyForDeploymentPostprocessing = 0;
		};
/* End PBXFrameworksBuildPhase section */

/* Begin PBXGroup section */
		2920B66B557DB7CBC4E336EE /* Frameworks */ = {
			isa = PBXGroup;
			children = (
				9A022B617F9386744A5FA076 /* Pods_iWeather.framework */,
			);
			name = Frameworks;
			sourceTree = "<group>";
		};
		5F51B05FBCADD2918A718F5E /* Pods */ = {
			isa = PBXGroup;
			children = (
				2D33A10C8F4D79D7FE5507C0 /* Pods-iWeather.debug.xcconfig */,
				AA8F883A08EE4365AA6B7EFF /* Pods-iWeather.release.xcconfig */,
			);
			path = Pods;
			sourceTree = "<group>";
		};
		8528C731299786E70068C648 /* DataModel */ = {
			isa = PBXGroup;
			children = (
				857EF40C29E5A05A00E536CC /* CoreDataArray.swift */,
				85C5287429965952009C7FCF /* CityData.xcdatamodeld */,
			);
			path = DataModel;
			sourceTree = "<group>";
		};
		856BB7E829911BAB004119DB = {
			isa = PBXGroup;
			children = (
				856BB7F329911BAB004119DB /* iWeather */,
				856BB7F229911BAB004119DB /* Products */,
				5F51B05FBCADD2918A718F5E /* Pods */,
				2920B66B557DB7CBC4E336EE /* Frameworks */,
			);
			sourceTree = "<group>";
		};
		856BB7F229911BAB004119DB /* Products */ = {
			isa = PBXGroup;
			children = (
				856BB7F129911BAB004119DB /* iWeather.app */,
			);
			name = Products;
			sourceTree = "<group>";
		};
		856BB7F329911BAB004119DB /* iWeather */ = {
			isa = PBXGroup;
			children = (
				85C0F5C629DF2CCD0005F40E /* API */,
				85C0F5C529DF2CB10005F40E /* Utilities */,
				85C5287F29965D47009C7FCF /* Controller */,
				85C5287B29965CFB009C7FCF /* Model */,
				85C5287829965CD6009C7FCF /* View */,
				85C5287729965CCB009C7FCF /* SupportingFiles */,
				8528C731299786E70068C648 /* DataModel */,
				856BB7FD29911BAC004119DB /* Assets.xcassets */,
				856BB7FA29911BAB004119DB /* Main.storyboard */,
				856BB7FF29911BAC004119DB /* LaunchScreen.storyboard */,
				856BB80229911BAC004119DB /* Info.plist */,
			);
			path = iWeather;
			sourceTree = "<group>";
		};
		85C0F5C529DF2CB10005F40E /* Utilities */ = {
			isa = PBXGroup;
			children = (
				8528C729299676D20068C648 /* Constants.swift */,
				85C5288629965E64009C7FCF /* Tracker.swift */,
				857EF40529E58D8100E536CC /* Extensions.swift */,
			);
			path = Utilities;
			sourceTree = "<group>";
		};
		85C0F5C629DF2CCD0005F40E /* API */ = {
			isa = PBXGroup;
			children = (
				85DCE8C7299B83BF0099359F /* WeatherManagerForcast.swift */,
				8528C72B299678CD0068C648 /* WeatherManager.swift */,
			);
			path = API;
			sourceTree = "<group>";
		};
		85C5287729965CCB009C7FCF /* SupportingFiles */ = {
			isa = PBXGroup;
			children = (
				856BB7F629911BAB004119DB /* SceneDelegate.swift */,
				856BB7F429911BAB004119DB /* AppDelegate.swift */,
			);
			path = SupportingFiles;
			sourceTree = "<group>";
		};
		85C5287829965CD6009C7FCF /* View */ = {
			isa = PBXGroup;
			children = (
				852CDC7C299BB0C100FD1E0C /* WeatherTableViewCell.swift */,
				8565A529299D18A30026E653 /* CityCustomCell.swift */,
				8565A52A299D18A30026E653 /* CityCustomCell.xib */,
				852CDC7D299BB0C100FD1E0C /* WeatherTableViewCell.xib */,
			);
			path = View;
			sourceTree = "<group>";
		};
		85C5287B29965CFB009C7FCF /* Model */ = {
			isa = PBXGroup;
			children = (
				8528C72D29967AE50068C648 /* WeatherModel.swift */,
				8528C72F299781600068C648 /* WeatherParameters.swift */,
				857EF40829E59FCB00E536CC /* Location.swift */,
				857EF40A29E5A02A00E536CC /* WeatherDayModel.swift */,
			);
			path = Model;
			sourceTree = "<group>";
		};
		85C5287F29965D47009C7FCF /* Controller */ = {
			isa = PBXGroup;
			children = (
				85C5288029965D7B009C7FCF /* LoadingViewController.swift */,
				85C5288229965D87009C7FCF /* ErrorViewController.swift */,
				85C5288429965D92009C7FCF /* CityWeatherViewController.swift */,
				85C5288A2996665B009C7FCF /* SearchViewController.swift */,
			);
			path = Controller;
			sourceTree = "<group>";
		};
/* End PBXGroup section */

/* Begin PBXNativeTarget section */
		856BB7F029911BAB004119DB /* iWeather */ = {
			isa = PBXNativeTarget;
			buildConfigurationList = 856BB80529911BAC004119DB /* Build configuration list for PBXNativeTarget "iWeather" */;
			buildPhases = (
				CDAF16D229FA8662CDA3DFD4 /* [CP] Check Pods Manifest.lock */,
				856BB7ED29911BAB004119DB /* Sources */,
				856BB7EE29911BAB004119DB /* Frameworks */,
				856BB7EF29911BAB004119DB /* Resources */,
				19B578553CF93F211DC6D12F /* [CP] Embed Pods Frameworks */,
			);
			buildRules = (
			);
			dependencies = (
			);
			name = iWeather;
			productName = iWeather;
			productReference = 856BB7F129911BAB004119DB /* iWeather.app */;
			productType = "com.apple.product-type.application";
		};
/* End PBXNativeTarget section */

/* Begin PBXProject section */
		856BB7E929911BAB004119DB /* Project object */ = {
			isa = PBXProject;
			attributes = {
				BuildIndependentTargetsInParallel = 1;
				LastSwiftUpdateCheck = 1420;
				LastUpgradeCheck = 1420;
				TargetAttributes = {
					856BB7F029911BAB004119DB = {
						CreatedOnToolsVersion = 14.2;
					};
				};
			};
			buildConfigurationList = 856BB7EC29911BAB004119DB /* Build configuration list for PBXProject "iWeather" */;
			compatibilityVersion = "Xcode 14.0";
			developmentRegion = en;
			hasScannedForEncodings = 0;
			knownRegions = (
				en,
				Base,
			);
			mainGroup = 856BB7E829911BAB004119DB;
			productRefGroup = 856BB7F229911BAB004119DB /* Products */;
			projectDirPath = "";
			projectRoot = "";
			targets = (
				856BB7F029911BAB004119DB /* iWeather */,
			);
		};
/* End PBXProject section */

/* Begin PBXResourcesBuildPhase section */
		856BB7EF29911BAB004119DB /* Resources */ = {
			isa = PBXResourcesBuildPhase;
			buildActionMask = 2147483647;
			files = (
				852CDC7F299BB0C100FD1E0C /* WeatherTableViewCell.xib in Resources */,
				856BB80129911BAC004119DB /* LaunchScreen.storyboard in Resources */,
				856BB7FE29911BAC004119DB /* Assets.xcassets in Resources */,
				856BB7FC29911BAB004119DB /* Main.storyboard in Resources */,
				8565A52C299D18A30026E653 /* CityCustomCell.xib in Resources */,
			);
			runOnlyForDeploymentPostprocessing = 0;
		};
/* End PBXResourcesBuildPhase section */

/* Begin PBXShellScriptBuildPhase section */
		19B578553CF93F211DC6D12F /* [CP] Embed Pods Frameworks */ = {
			isa = PBXShellScriptBuildPhase;
			buildActionMask = 2147483647;
			files = (
			);
			inputFileListPaths = (
				"${PODS_ROOT}/Target Support Files/Pods-iWeather/Pods-iWeather-frameworks-${CONFIGURATION}-input-files.xcfilelist",
			);
			name = "[CP] Embed Pods Frameworks";
			outputFileListPaths = (
				"${PODS_ROOT}/Target Support Files/Pods-iWeather/Pods-iWeather-frameworks-${CONFIGURATION}-output-files.xcfilelist",
			);
			runOnlyForDeploymentPostprocessing = 0;
			shellPath = /bin/sh;
			shellScript = "\"${PODS_ROOT}/Target Support Files/Pods-iWeather/Pods-iWeather-frameworks.sh\"\n";
			showEnvVarsInLog = 0;
		};
		CDAF16D229FA8662CDA3DFD4 /* [CP] Check Pods Manifest.lock */ = {
			isa = PBXShellScriptBuildPhase;
			buildActionMask = 2147483647;
			files = (
			);
			inputFileListPaths = (
			);
			inputPaths = (
				"${PODS_PODFILE_DIR_PATH}/Podfile.lock",
				"${PODS_ROOT}/Manifest.lock",
			);
			name = "[CP] Check Pods Manifest.lock";
			outputFileListPaths = (
			);
			outputPaths = (
				"$(DERIVED_FILE_DIR)/Pods-iWeather-checkManifestLockResult.txt",
			);
			runOnlyForDeploymentPostprocessing = 0;
			shellPath = /bin/sh;
			shellScript = "diff \"${PODS_PODFILE_DIR_PATH}/Podfile.lock\" \"${PODS_ROOT}/Manifest.lock\" > /dev/null\nif [ $? != 0 ] ; then\n    # print error to STDERR\n    echo \"error: The sandbox is not in sync with the Podfile.lock. Run 'pod install' or update your CocoaPods installation.\" >&2\n    exit 1\nfi\n# This output is used by Xcode 'outputs' to avoid re-running this script phase.\necho \"SUCCESS\" > \"${SCRIPT_OUTPUT_FILE_0}\"\n";
			showEnvVarsInLog = 0;
		};
/* End PBXShellScriptBuildPhase section */

/* Begin PBXSourcesBuildPhase section */
		856BB7ED29911BAB004119DB /* Sources */ = {
			isa = PBXSourcesBuildPhase;
			buildActionMask = 2147483647;
			files = (
				85C5287629965952009C7FCF /* CityData.xcdatamodeld in Sources */,
				8528C72A299676D20068C648 /* Constants.swift in Sources */,
				852CDC7E299BB0C100FD1E0C /* WeatherTableViewCell.swift in Sources */,
				8565A52B299D18A30026E653 /* CityCustomCell.swift in Sources */,
				8528C730299781600068C648 /* WeatherParameters.swift in Sources */,
				857EF40929E59FCB00E536CC /* Location.swift in Sources */,
				8528C72C299678CD0068C648 /* WeatherManager.swift in Sources */,
				85DCE8C8299B83BF0099359F /* WeatherManagerForcast.swift in Sources */,
				85C5288329965D87009C7FCF /* ErrorViewController.swift in Sources */,
				857EF40B29E5A02A00E536CC /* WeatherDayModel.swift in Sources */,
				85C5288B2996665B009C7FCF /* SearchViewController.swift in Sources */,
				85C5288129965D7B009C7FCF /* LoadingViewController.swift in Sources */,
				85C5288729965E64009C7FCF /* Tracker.swift in Sources */,
				857EF40629E58D8100E536CC /* Extensions.swift in Sources */,
				857EF40D29E5A05A00E536CC /* CoreDataArray.swift in Sources */,
				85C5288529965D92009C7FCF /* CityWeatherViewController.swift in Sources */,
				856BB7F529911BAB004119DB /* AppDelegate.swift in Sources */,
				856BB7F729911BAB004119DB /* SceneDelegate.swift in Sources */,
				8528C72E29967AE50068C648 /* WeatherModel.swift in Sources */,
			);
			runOnlyForDeploymentPostprocessing = 0;
		};
/* End PBXSourcesBuildPhase section */

/* Begin PBXVariantGroup section */
		856BB7FA29911BAB004119DB /* Main.storyboard */ = {
			isa = PBXVariantGroup;
			children = (
				856BB7FB29911BAB004119DB /* Base */,
			);
			name = Main.storyboard;
			sourceTree = "<group>";
		};
		856BB7FF29911BAC004119DB /* LaunchScreen.storyboard */ = {
			isa = PBXVariantGroup;
			children = (
				856BB80029911BAC004119DB /* Base */,
			);
			name = LaunchScreen.storyboard;
			sourceTree = "<group>";
		};
/* End PBXVariantGroup section */

/* Begin XCBuildConfiguration section */
		856BB80329911BAC004119DB /* Debug */ = {
			isa = XCBuildConfiguration;
			buildSettings = {
				ALWAYS_SEARCH_USER_PATHS = NO;
				CLANG_ANALYZER_NONNULL = YES;
				CLANG_ANALYZER_NUMBER_OBJECT_CONVERSION = YES_AGGRESSIVE;
				CLANG_CXX_LANGUAGE_STANDARD = "gnu++20";
				CLANG_ENABLE_MODULES = YES;
				CLANG_ENABLE_OBJC_ARC = YES;
				CLANG_ENABLE_OBJC_WEAK = YES;
				CLANG_WARN_BLOCK_CAPTURE_AUTORELEASING = YES;
				CLANG_WARN_BOOL_CONVERSION = YES;
				CLANG_WARN_COMMA = YES;
				CLANG_WARN_CONSTANT_CONVERSION = YES;
				CLANG_WARN_DEPRECATED_OBJC_IMPLEMENTATIONS = YES;
				CLANG_WARN_DIRECT_OBJC_ISA_USAGE = YES_ERROR;
				CLANG_WARN_DOCUMENTATION_COMMENTS = YES;
				CLANG_WARN_EMPTY_BODY = YES;
				CLANG_WARN_ENUM_CONVERSION = YES;
				CLANG_WARN_INFINITE_RECURSION = YES;
				CLANG_WARN_INT_CONVERSION = YES;
				CLANG_WARN_NON_LITERAL_NULL_CONVERSION = YES;
				CLANG_WARN_OBJC_IMPLICIT_RETAIN_SELF = YES;
				CLANG_WARN_OBJC_LITERAL_CONVERSION = YES;
				CLANG_WARN_OBJC_ROOT_CLASS = YES_ERROR;
				CLANG_WARN_QUOTED_INCLUDE_IN_FRAMEWORK_HEADER = YES;
				CLANG_WARN_RANGE_LOOP_ANALYSIS = YES;
				CLANG_WARN_STRICT_PROTOTYPES = YES;
				CLANG_WARN_SUSPICIOUS_MOVE = YES;
				CLANG_WARN_UNGUARDED_AVAILABILITY = YES_AGGRESSIVE;
				CLANG_WARN_UNREACHABLE_CODE = YES;
				CLANG_WARN__DUPLICATE_METHOD_MATCH = YES;
				COPY_PHASE_STRIP = NO;
				DEBUG_INFORMATION_FORMAT = dwarf;
				ENABLE_STRICT_OBJC_MSGSEND = YES;
				ENABLE_TESTABILITY = YES;
				GCC_C_LANGUAGE_STANDARD = gnu11;
				GCC_DYNAMIC_NO_PIC = NO;
				GCC_NO_COMMON_BLOCKS = YES;
				GCC_OPTIMIZATION_LEVEL = 0;
				GCC_PREPROCESSOR_DEFINITIONS = (
					"DEBUG=1",
					"$(inherited)",
				);
				GCC_WARN_64_TO_32_BIT_CONVERSION = YES;
				GCC_WARN_ABOUT_RETURN_TYPE = YES_ERROR;
				GCC_WARN_UNDECLARED_SELECTOR = YES;
				GCC_WARN_UNINITIALIZED_AUTOS = YES_AGGRESSIVE;
				GCC_WARN_UNUSED_FUNCTION = YES;
				GCC_WARN_UNUSED_VARIABLE = YES;
				IPHONEOS_DEPLOYMENT_TARGET = 16.2;
				MTL_ENABLE_DEBUG_INFO = INCLUDE_SOURCE;
				MTL_FAST_MATH = YES;
				ONLY_ACTIVE_ARCH = YES;
				SDKROOT = iphoneos;
				SWIFT_ACTIVE_COMPILATION_CONDITIONS = DEBUG;
				SWIFT_OPTIMIZATION_LEVEL = "-Onone";
			};
			name = Debug;
		};
		856BB80429911BAC004119DB /* Release */ = {
			isa = XCBuildConfiguration;
			buildSettings = {
				ALWAYS_SEARCH_USER_PATHS = NO;
				CLANG_ANALYZER_NONNULL = YES;
				CLANG_ANALYZER_NUMBER_OBJECT_CONVERSION = YES_AGGRESSIVE;
				CLANG_CXX_LANGUAGE_STANDARD = "gnu++20";
				CLANG_ENABLE_MODULES = YES;
				CLANG_ENABLE_OBJC_ARC = YES;
				CLANG_ENABLE_OBJC_WEAK = YES;
				CLANG_WARN_BLOCK_CAPTURE_AUTORELEASING = YES;
				CLANG_WARN_BOOL_CONVERSION = YES;
				CLANG_WARN_COMMA = YES;
				CLANG_WARN_CONSTANT_CONVERSION = YES;
				CLANG_WARN_DEPRECATED_OBJC_IMPLEMENTATIONS = YES;
				CLANG_WARN_DIRECT_OBJC_ISA_USAGE = YES_ERROR;
				CLANG_WARN_DOCUMENTATION_COMMENTS = YES;
				CLANG_WARN_EMPTY_BODY = YES;
				CLANG_WARN_ENUM_CONVERSION = YES;
				CLANG_WARN_INFINITE_RECURSION = YES;
				CLANG_WARN_INT_CONVERSION = YES;
				CLANG_WARN_NON_LITERAL_NULL_CONVERSION = YES;
				CLANG_WARN_OBJC_IMPLICIT_RETAIN_SELF = YES;
				CLANG_WARN_OBJC_LITERAL_CONVERSION = YES;
				CLANG_WARN_OBJC_ROOT_CLASS = YES_ERROR;
				CLANG_WARN_QUOTED_INCLUDE_IN_FRAMEWORK_HEADER = YES;
				CLANG_WARN_RANGE_LOOP_ANALYSIS = YES;
				CLANG_WARN_STRICT_PROTOTYPES = YES;
				CLANG_WARN_SUSPICIOUS_MOVE = YES;
				CLANG_WARN_UNGUARDED_AVAILABILITY = YES_AGGRESSIVE;
				CLANG_WARN_UNREACHABLE_CODE = YES;
				CLANG_WARN__DUPLICATE_METHOD_MATCH = YES;
				COPY_PHASE_STRIP = NO;
				DEBUG_INFORMATION_FORMAT = "dwarf-with-dsym";
				ENABLE_NS_ASSERTIONS = NO;
				ENABLE_STRICT_OBJC_MSGSEND = YES;
				GCC_C_LANGUAGE_STANDARD = gnu11;
				GCC_NO_COMMON_BLOCKS = YES;
				GCC_WARN_64_TO_32_BIT_CONVERSION = YES;
				GCC_WARN_ABOUT_RETURN_TYPE = YES_ERROR;
				GCC_WARN_UNDECLARED_SELECTOR = YES;
				GCC_WARN_UNINITIALIZED_AUTOS = YES_AGGRESSIVE;
				GCC_WARN_UNUSED_FUNCTION = YES;
				GCC_WARN_UNUSED_VARIABLE = YES;
				IPHONEOS_DEPLOYMENT_TARGET = 16.2;
				MTL_ENABLE_DEBUG_INFO = NO;
				MTL_FAST_MATH = YES;
				SDKROOT = iphoneos;
				SWIFT_COMPILATION_MODE = wholemodule;
				SWIFT_OPTIMIZATION_LEVEL = "-O";
				VALIDATE_PRODUCT = YES;
			};
			name = Release;
		};
		856BB80629911BAC004119DB /* Debug */ = {
			isa = XCBuildConfiguration;
			baseConfigurationReference = 2D33A10C8F4D79D7FE5507C0 /* Pods-iWeather.debug.xcconfig */;
			buildSettings = {
				ASSETCATALOG_COMPILER_APPICON_NAME = AppIcon;
				ASSETCATALOG_COMPILER_GLOBAL_ACCENT_COLOR_NAME = AccentColor;
				CODE_SIGN_STYLE = Automatic;
				CURRENT_PROJECT_VERSION = 1;
				DEVELOPMENT_TEAM = PNL8X2N9J2;
				GENERATE_INFOPLIST_FILE = YES;
				INFOPLIST_FILE = iWeather/Info.plist;
				INFOPLIST_KEY_UIApplicationSupportsIndirectInputEvents = YES;
				INFOPLIST_KEY_UILaunchStoryboardName = LaunchScreen;
				INFOPLIST_KEY_UIMainStoryboardFile = Main;
				INFOPLIST_KEY_UISupportedInterfaceOrientations_iPad = "UIInterfaceOrientationPortrait UIInterfaceOrientationPortraitUpsideDown UIInterfaceOrientationLandscapeLeft UIInterfaceOrientationLandscapeRight";
				INFOPLIST_KEY_UISupportedInterfaceOrientations_iPhone = "UIInterfaceOrientationPortrait UIInterfaceOrientationLandscapeLeft UIInterfaceOrientationLandscapeRight";
				IPHONEOS_DEPLOYMENT_TARGET = 13.0;
				LD_RUNPATH_SEARCH_PATHS = (
					"$(inherited)",
					"@executable_path/Frameworks",
				);
				MARKETING_VERSION = 1.0;
				PRODUCT_BUNDLE_IDENTIFIER = com.vladimiroff.iWeather;
				PRODUCT_NAME = "$(TARGET_NAME)";
				SWIFT_EMIT_LOC_STRINGS = YES;
				SWIFT_VERSION = 5.0;
				TARGETED_DEVICE_FAMILY = "1,2";
			};
			name = Debug;
		};
		856BB80729911BAC004119DB /* Release */ = {
			isa = XCBuildConfiguration;
			baseConfigurationReference = AA8F883A08EE4365AA6B7EFF /* Pods-iWeather.release.xcconfig */;
			buildSettings = {
				ASSETCATALOG_COMPILER_APPICON_NAME = AppIcon;
				ASSETCATALOG_COMPILER_GLOBAL_ACCENT_COLOR_NAME = AccentColor;
				CODE_SIGN_STYLE = Automatic;
				CURRENT_PROJECT_VERSION = 1;
				DEVELOPMENT_TEAM = PNL8X2N9J2;
				GENERATE_INFOPLIST_FILE = YES;
				INFOPLIST_FILE = iWeather/Info.plist;
				INFOPLIST_KEY_UIApplicationSupportsIndirectInputEvents = YES;
				INFOPLIST_KEY_UILaunchStoryboardName = LaunchScreen;
				INFOPLIST_KEY_UIMainStoryboardFile = Main;
				INFOPLIST_KEY_UISupportedInterfaceOrientations_iPad = "UIInterfaceOrientationPortrait UIInterfaceOrientationPortraitUpsideDown UIInterfaceOrientationLandscapeLeft UIInterfaceOrientationLandscapeRight";
				INFOPLIST_KEY_UISupportedInterfaceOrientations_iPhone = "UIInterfaceOrientationPortrait UIInterfaceOrientationLandscapeLeft UIInterfaceOrientationLandscapeRight";
				IPHONEOS_DEPLOYMENT_TARGET = 13.0;
				LD_RUNPATH_SEARCH_PATHS = (
					"$(inherited)",
					"@executable_path/Frameworks",
				);
				MARKETING_VERSION = 1.0;
				PRODUCT_BUNDLE_IDENTIFIER = com.vladimiroff.iWeather;
				PRODUCT_NAME = "$(TARGET_NAME)";
				SWIFT_EMIT_LOC_STRINGS = YES;
				SWIFT_VERSION = 5.0;
				TARGETED_DEVICE_FAMILY = "1,2";
			};
			name = Release;
		};
/* End XCBuildConfiguration section */

/* Begin XCConfigurationList section */
		856BB7EC29911BAB004119DB /* Build configuration list for PBXProject "iWeather" */ = {
			isa = XCConfigurationList;
			buildConfigurations = (
				856BB80329911BAC004119DB /* Debug */,
				856BB80429911BAC004119DB /* Release */,
			);
			defaultConfigurationIsVisible = 0;
			defaultConfigurationName = Release;
		};
		856BB80529911BAC004119DB /* Build configuration list for PBXNativeTarget "iWeather" */ = {
			isa = XCConfigurationList;
			buildConfigurations = (
				856BB80629911BAC004119DB /* Debug */,
				856BB80729911BAC004119DB /* Release */,
			);
			defaultConfigurationIsVisible = 0;
			defaultConfigurationName = Release;
		};
/* End XCConfigurationList section */

/* Begin XCVersionGroup section */
		85C5287429965952009C7FCF /* CityData.xcdatamodeld */ = {
			isa = XCVersionGroup;
			children = (
				85C5287529965952009C7FCF /* CityData.xcdatamodel */,
			);
			currentVersion = 85C5287529965952009C7FCF /* CityData.xcdatamodel */;
			path = CityData.xcdatamodeld;
			sourceTree = "<group>";
			versionGroupType = wrapper.xcdatamodel;
		};
/* End XCVersionGroup section */
	};
	rootObject = 856BB7E929911BAB004119DB /* Project object */;
}
